
Microsoft Visual Studio Solution File, Format Version 12.00
# Visual Studio 15
VisualStudioVersion = 15.0.27703.2042
MinimumVisualStudioVersion = 10.0.40219.1
Project("{FAE04EC0-301F-11D3-BF4B-00C04F79EFBC}") = "WebApplication1", "WebApplication1\WebApplication1.csproj", "{A2FC0B29-051E-4F2D-A45D-A2BC62BDEAFB}"
EndProject
Project("{FAE04EC0-301F-11D3-BF4B-00C04F79EFBC}") = "WebApplication1.Tests", "WebApplication1.Tests\WebApplication1.Tests.csproj", "{8298764A-A6CB-48FE-A558-0C2E2B04FCE6}"
EndProject
Global
	GlobalSection(SolutionConfigurationPlatforms) = preSolution
		Debug|Any CPU = Debug|Any CPU
		Release|Any CPU = Release|Any CPU
	EndGlobalSection
	GlobalSection(ProjectConfigurationPlatforms) = postSolution
		{A2FC0B29-051E-4F2D-A45D-A2BC62BDEAFB}.Debug|Any CPU.ActiveCfg = Debug|Any CPU
		{A2FC0B29-051E-4F2D-A45D-A2BC62BDEAFB}.Debug|Any CPU.Build.0 = Debug|Any CPU
		{A2FC0B29-051E-4F2D-A45D-A2BC62BDEAFB}.Release|Any CPU.ActiveCfg = Release|Any CPU
		{A2FC0B29-051E-4F2D-A45D-A2BC62BDEAFB}.Release|Any CPU.Build.0 = Release|Any CPU
		{8298764A-A6CB-48FE-A558-0C2E2B04FCE6}.Debug|Any CPU.ActiveCfg = Debug|Any CPU
		{8298764A-A6CB-48FE-A558-0C2E2B04FCE6}.Debug|Any CPU.Build.0 = Debug|Any CPU
		{8298764A-A6CB-48FE-A558-0C2E2B04FCE6}.Release|Any CPU.ActiveCfg = Release|Any CPU
		{8298764A-A6CB-48FE-A558-0C2E2B04FCE6}.Release|Any CPU.Build.0 = Release|Any CPU
	EndGlobalSection
	GlobalSection(SolutionProperties) = preSolution
		HideSolutionNode = FALSE
	EndGlobalSection
	GlobalSection(ExtensibilityGlobals) = postSolution
		SolutionGuid = {CE5B8663-E95D-4B60-B294-B8440FCA6999}
	EndGlobalSection
EndGlobal
